
Microsoft Visual Studio Solution File, Format Version 12.00
# Visual Studio Version 17
VisualStudioVersion = 17.9.34728.123
MinimumVisualStudioVersion = 10.0.40219.1
Project("{FAE04EC0-301F-11D3-BF4B-00C04F79EFBC}") = "Bài 1", "Bài 1\Bài 1.csproj", "{FD73D7FC-0CF0-4023-BADB-032A9A4FACC8}"
EndProject
Global
	GlobalSection(SolutionConfigurationPlatforms) = preSolution
		Debug|Any CPU = Debug|Any CPU
		Release|Any CPU = Release|Any CPU
	EndGlobalSection
	GlobalSection(ProjectConfigurationPlatforms) = postSolution
		{FD73D7FC-0CF0-4023-BADB-032A9A4FACC8}.Debug|Any CPU.ActiveCfg = Debug|Any CPU
		{FD73D7FC-0CF0-4023-BADB-032A9A4FACC8}.Debug|Any CPU.Build.0 = Debug|Any CPU
		{FD73D7FC-0CF0-4023-BADB-032A9A4FACC8}.Release|Any CPU.ActiveCfg = Release|Any CPU
		{FD73D7FC-0CF0-4023-BADB-032A9A4FACC8}.Release|Any CPU.Build.0 = Release|Any CPU
	EndGlobalSection
	GlobalSection(SolutionProperties) = preSolution
		HideSolutionNode = FALSE
	EndGlobalSection
	GlobalSection(ExtensibilityGlobals) = postSolution
		SolutionGuid = {5989F046-6F83-4439-A63B-1CF3033EBF92}
	EndGlobalSection
EndGlobal
