
Microsoft Visual Studio Solution File, Format Version 12.00
# Visual Studio Version 17
VisualStudioVersion = 17.9.34728.123
MinimumVisualStudioVersion = 10.0.40219.1
Project("{FAE04EC0-301F-11D3-BF4B-00C04F79EFBC}") = "Bài 2", "Bài 2\Bài 2.csproj", "{14CC0D26-1A48-4AC6-8DF4-C3AF1CFCAB44}"
EndProject
Global
	GlobalSection(SolutionConfigurationPlatforms) = preSolution
		Debug|Any CPU = Debug|Any CPU
		Release|Any CPU = Release|Any CPU
	EndGlobalSection
	GlobalSection(ProjectConfigurationPlatforms) = postSolution
		{14CC0D26-1A48-4AC6-8DF4-C3AF1CFCAB44}.Debug|Any CPU.ActiveCfg = Debug|Any CPU
		{14CC0D26-1A48-4AC6-8DF4-C3AF1CFCAB44}.Debug|Any CPU.Build.0 = Debug|Any CPU
		{14CC0D26-1A48-4AC6-8DF4-C3AF1CFCAB44}.Release|Any CPU.ActiveCfg = Release|Any CPU
		{14CC0D26-1A48-4AC6-8DF4-C3AF1CFCAB44}.Release|Any CPU.Build.0 = Release|Any CPU
	EndGlobalSection
	GlobalSection(SolutionProperties) = preSolution
		HideSolutionNode = FALSE
	EndGlobalSection
	GlobalSection(ExtensibilityGlobals) = postSolution
		SolutionGuid = {5BC54779-EE6E-4AE4-8D4D-B2EB6ABD640B}
	EndGlobalSection
EndGlobal
